
Microsoft Visual Studio Solution File, Format Version 12.00
# Visual Studio Version 16
VisualStudioVersion = 16.0.31402.337
MinimumVisualStudioVersion = 10.0.40219.1
Project("{8BC9CEB8-8B4A-11D0-8D11-00A0C91BC942}") = "带头双向链表", "带头双向链表\带头双向链表.vcxproj", "{0D9B3F64-7DA5-48ED-B417-350B047CCBAC}"
EndProject
Global
	GlobalSection(SolutionConfigurationPlatforms) = preSolution
		Debug|x64 = Debug|x64
		Debug|x86 = Debug|x86
		Release|x64 = Release|x64
		Release|x86 = Release|x86
	EndGlobalSection
	GlobalSection(ProjectConfigurationPlatforms) = postSolution
		{0D9B3F64-7DA5-48ED-B417-350B047CCBAC}.Debug|x64.ActiveCfg = Debug|x64
		{0D9B3F64-7DA5-48ED-B417-350B047CCBAC}.Debug|x64.Build.0 = Debug|x64
		{0D9B3F64-7DA5-48ED-B417-350B047CCBAC}.Debug|x86.ActiveCfg = Debug|Win32
		{0D9B3F64-7DA5-48ED-B417-350B047CCBAC}.Debug|x86.Build.0 = Debug|Win32
		{0D9B3F64-7DA5-48ED-B417-350B047CCBAC}.Release|x64.ActiveCfg = Release|x64
		{0D9B3F64-7DA5-48ED-B417-350B047CCBAC}.Release|x64.Build.0 = Release|x64
		{0D9B3F64-7DA5-48ED-B417-350B047CCBAC}.Release|x86.ActiveCfg = Release|Win32
		{0D9B3F64-7DA5-48ED-B417-350B047CCBAC}.Release|x86.Build.0 = Release|Win32
	EndGlobalSection
	GlobalSection(SolutionProperties) = preSolution
		HideSolutionNode = FALSE
	EndGlobalSection
	GlobalSection(ExtensibilityGlobals) = postSolution
		SolutionGuid = {C3C90E22-CF81-4317-BA1B-1F9C15E5DD16}
	EndGlobalSection
EndGlobal
